
Microsoft Visual Studio Solution File, Format Version 12.00
# Visual Studio Version 17
VisualStudioVersion = 17.3.32929.385
MinimumVisualStudioVersion = 10.0.40219.1
Project("{FAE04EC0-301F-11D3-BF4B-00C04F79EFBC}") = "CityGame", "CityGame\CityGame.csproj", "{5D76B596-FC17-4F47-B5C6-D811DE04F806}"
EndProject
Global
	GlobalSection(SolutionConfigurationPlatforms) = preSolution
		Debug|Any CPU = Debug|Any CPU
		Release|Any CPU = Release|Any CPU
	EndGlobalSection
	GlobalSection(ProjectConfigurationPlatforms) = postSolution
		{5D76B596-FC17-4F47-B5C6-D811DE04F806}.Debug|Any CPU.ActiveCfg = Debug|Any CPU
		{5D76B596-FC17-4F47-B5C6-D811DE04F806}.Debug|Any CPU.Build.0 = Debug|Any CPU
		{5D76B596-FC17-4F47-B5C6-D811DE04F806}.Release|Any CPU.ActiveCfg = Release|Any CPU
		{5D76B596-FC17-4F47-B5C6-D811DE04F806}.Release|Any CPU.Build.0 = Release|Any CPU
	EndGlobalSection
	GlobalSection(SolutionProperties) = preSolution
		HideSolutionNode = FALSE
	EndGlobalSection
	GlobalSection(ExtensibilityGlobals) = postSolution
		SolutionGuid = {B17891C9-0FBF-46C7-8697-0CD3D795A9FD}
	EndGlobalSection
EndGlobal
