
Microsoft Visual Studio Solution File, Format Version 12.00
# Visual Studio Version 17
VisualStudioVersion = 17.3.32929.385
MinimumVisualStudioVersion = 10.0.40219.1
Project("{9A19103F-16F7-4668-BE54-9A1E7A4F7556}") = "CityGame", "CityGame\CityGame.csproj", "{5D76B596-FC17-4F47-B5C6-D811DE04F806}"
EndProject
Project("{9A19103F-16F7-4668-BE54-9A1E7A4F7556}") = "WPFGame", "..\WPFGame\WPFGame\WPFGame.csproj", "{4F2DC7EE-24BA-4383-9AB6-EBA46EB191DF}"
EndProject
Global
	GlobalSection(SolutionConfigurationPlatforms) = preSolution
		Debug|Any CPU = Debug|Any CPU
		Release|Any CPU = Release|Any CPU
	EndGlobalSection
	GlobalSection(ProjectConfigurationPlatforms) = postSolution
		{5D76B596-FC17-4F47-B5C6-D811DE04F806}.Debug|Any CPU.ActiveCfg = Debug|Any CPU
		{5D76B596-FC17-4F47-B5C6-D811DE04F806}.Debug|Any CPU.Build.0 = Debug|Any CPU
		{5D76B596-FC17-4F47-B5C6-D811DE04F806}.Release|Any CPU.ActiveCfg = Release|Any CPU
		{5D76B596-FC17-4F47-B5C6-D811DE04F806}.Release|Any CPU.Build.0 = Release|Any CPU
		{4F2DC7EE-24BA-4383-9AB6-EBA46EB191DF}.Debug|Any CPU.ActiveCfg = Debug|Any CPU
		{4F2DC7EE-24BA-4383-9AB6-EBA46EB191DF}.Debug|Any CPU.Build.0 = Debug|Any CPU
		{4F2DC7EE-24BA-4383-9AB6-EBA46EB191DF}.Release|Any CPU.ActiveCfg = Release|Any CPU
		{4F2DC7EE-24BA-4383-9AB6-EBA46EB191DF}.Release|Any CPU.Build.0 = Release|Any CPU
	EndGlobalSection
	GlobalSection(SolutionProperties) = preSolution
		HideSolutionNode = FALSE
	EndGlobalSection
	GlobalSection(ExtensibilityGlobals) = postSolution
		SolutionGuid = {B17891C9-0FBF-46C7-8697-0CD3D795A9FD}
	EndGlobalSection
EndGlobal
